
Microsoft Visual Studio Solution File, Format Version 12.00
# Visual Studio 15
VisualStudioVersion = 15.0.28010.2019
MinimumVisualStudioVersion = 10.0.40219.1
Project("{9A19103F-16F7-4668-BE54-9A1E7A4F7556}") = "FermierExpert", "FermierExpert\FermierExpert.csproj", "{EBE94794-4B4E-42DD-8E97-9A9B275737B4}"
EndProject
Project("{9A19103F-16F7-4668-BE54-9A1E7A4F7556}") = "ListaDubluInlantuita", "ListaDubluInlantuita\ListaDubluInlantuita.csproj", "{9B9A0350-E8EB-4C48-8CCF-2EF80267CFB5}"
EndProject
Project("{2150E333-8FDC-42A3-9474-1A3956D46DE8}") = "Solution Items", "Solution Items", "{0ABECADF-B665-4989-981B-4FEA20A2DFE6}"
	ProjectSection(SolutionItems) = preProject
		.gitignore = .gitignore
	EndProjectSection
EndProject
Project("{FAE04EC0-301F-11D3-BF4B-00C04F79EFBC}") = "FermierExpert.Tests", "FermierExpert.Tests\FermierExpert.Tests.csproj", "{4AC6967A-EB4D-4ED5-98B0-B85AE981189C}"
EndProject
Global
	GlobalSection(SolutionConfigurationPlatforms) = preSolution
		Debug|Any CPU = Debug|Any CPU
		Release|Any CPU = Release|Any CPU
	EndGlobalSection
	GlobalSection(ProjectConfigurationPlatforms) = postSolution
		{EBE94794-4B4E-42DD-8E97-9A9B275737B4}.Debug|Any CPU.ActiveCfg = Debug|Any CPU
		{EBE94794-4B4E-42DD-8E97-9A9B275737B4}.Debug|Any CPU.Build.0 = Debug|Any CPU
		{EBE94794-4B4E-42DD-8E97-9A9B275737B4}.Release|Any CPU.ActiveCfg = Release|Any CPU
		{EBE94794-4B4E-42DD-8E97-9A9B275737B4}.Release|Any CPU.Build.0 = Release|Any CPU
		{9B9A0350-E8EB-4C48-8CCF-2EF80267CFB5}.Debug|Any CPU.ActiveCfg = Debug|Any CPU
		{9B9A0350-E8EB-4C48-8CCF-2EF80267CFB5}.Debug|Any CPU.Build.0 = Debug|Any CPU
		{9B9A0350-E8EB-4C48-8CCF-2EF80267CFB5}.Release|Any CPU.ActiveCfg = Release|Any CPU
		{9B9A0350-E8EB-4C48-8CCF-2EF80267CFB5}.Release|Any CPU.Build.0 = Release|Any CPU
		{4AC6967A-EB4D-4ED5-98B0-B85AE981189C}.Debug|Any CPU.ActiveCfg = Debug|Any CPU
		{4AC6967A-EB4D-4ED5-98B0-B85AE981189C}.Debug|Any CPU.Build.0 = Debug|Any CPU
		{4AC6967A-EB4D-4ED5-98B0-B85AE981189C}.Release|Any CPU.ActiveCfg = Release|Any CPU
		{4AC6967A-EB4D-4ED5-98B0-B85AE981189C}.Release|Any CPU.Build.0 = Release|Any CPU
	EndGlobalSection
	GlobalSection(SolutionProperties) = preSolution
		HideSolutionNode = FALSE
	EndGlobalSection
	GlobalSection(ExtensibilityGlobals) = postSolution
		SolutionGuid = {1A10240D-2E84-4B0E-9C59-04571E2BC90F}
	EndGlobalSection
EndGlobal
